
Microsoft Visual Studio Solution File, Format Version 12.00
# Visual Studio 15
VisualStudioVersion = 15.0.28307.1000
MinimumVisualStudioVersion = 10.0.40219.1
Project("{8BC9CEB8-8B4A-11D0-8D11-00A0C91BC942}") = "单链表", "单链表\单链表.vcxproj", "{FE6920EF-9F60-422B-B22A-1D1314E32443}"
EndProject
Global
	GlobalSection(SolutionConfigurationPlatforms) = preSolution
		Debug|x64 = Debug|x64
		Debug|x86 = Debug|x86
		Release|x64 = Release|x64
		Release|x86 = Release|x86
	EndGlobalSection
	GlobalSection(ProjectConfigurationPlatforms) = postSolution
		{FE6920EF-9F60-422B-B22A-1D1314E32443}.Debug|x64.ActiveCfg = Debug|x64
		{FE6920EF-9F60-422B-B22A-1D1314E32443}.Debug|x64.Build.0 = Debug|x64
		{FE6920EF-9F60-422B-B22A-1D1314E32443}.Debug|x86.ActiveCfg = Debug|Win32
		{FE6920EF-9F60-422B-B22A-1D1314E32443}.Debug|x86.Build.0 = Debug|Win32
		{FE6920EF-9F60-422B-B22A-1D1314E32443}.Release|x64.ActiveCfg = Release|x64
		{FE6920EF-9F60-422B-B22A-1D1314E32443}.Release|x64.Build.0 = Release|x64
		{FE6920EF-9F60-422B-B22A-1D1314E32443}.Release|x86.ActiveCfg = Release|Win32
		{FE6920EF-9F60-422B-B22A-1D1314E32443}.Release|x86.Build.0 = Release|Win32
	EndGlobalSection
	GlobalSection(SolutionProperties) = preSolution
		HideSolutionNode = FALSE
	EndGlobalSection
	GlobalSection(ExtensibilityGlobals) = postSolution
		SolutionGuid = {F4AC00F5-8403-4B99-B12E-BBBAFB062307}
	EndGlobalSection
EndGlobal
